
Microsoft Visual Studio Solution File, Format Version 12.00
# Visual Studio Version 16
VisualStudioVersion = 16.0.30128.74
MinimumVisualStudioVersion = 10.0.40219.1
Project("{9A19103F-16F7-4668-BE54-9A1E7A4F7556}") = "MvcMovie", "MvcMovie.csproj", "{AD752618-8E5E-4483-B1F1-50221A27EA55}"
EndProject
Global
	GlobalSection(SolutionConfigurationPlatforms) = preSolution
		Debug|Any CPU = Debug|Any CPU
		Release|Any CPU = Release|Any CPU
	EndGlobalSection
	GlobalSection(ProjectConfigurationPlatforms) = postSolution
		{AD752618-8E5E-4483-B1F1-50221A27EA55}.Debug|Any CPU.ActiveCfg = Debug|Any CPU
		{AD752618-8E5E-4483-B1F1-50221A27EA55}.Debug|Any CPU.Build.0 = Debug|Any CPU
		{AD752618-8E5E-4483-B1F1-50221A27EA55}.Release|Any CPU.ActiveCfg = Release|Any CPU
		{AD752618-8E5E-4483-B1F1-50221A27EA55}.Release|Any CPU.Build.0 = Release|Any CPU
	EndGlobalSection
	GlobalSection(SolutionProperties) = preSolution
		HideSolutionNode = FALSE
	EndGlobalSection
	GlobalSection(ExtensibilityGlobals) = postSolution
		SolutionGuid = {7AC9CCD0-6F0C-4866-8FB3-456C412BB0DD}
	EndGlobalSection
EndGlobal
